
Microsoft Visual Studio Solution File, Format Version 12.00
Project("{FAE04EC0-301F-11D3-BF4B-00C04F79EFBC}") = "WebApplication9", "WebApplication9.csproj", "{CF0C99BF-8CA2-425D-B7CD-3F4B72CF0FF1}"
EndProject
Global
	GlobalSection(SolutionConfigurationPlatforms) = preSolution
		Debug|Any CPU = Debug|Any CPU
		Release|Any CPU = Release|Any CPU
	EndGlobalSection
	GlobalSection(ProjectConfigurationPlatforms) = postSolution
		{CF0C99BF-8CA2-425D-B7CD-3F4B72CF0FF1}.Debug|Any CPU.ActiveCfg = Debug|Any CPU
		{CF0C99BF-8CA2-425D-B7CD-3F4B72CF0FF1}.Debug|Any CPU.Build.0 = Debug|Any CPU
		{CF0C99BF-8CA2-425D-B7CD-3F4B72CF0FF1}.Release|Any CPU.ActiveCfg = Release|Any CPU
		{CF0C99BF-8CA2-425D-B7CD-3F4B72CF0FF1}.Release|Any CPU.Build.0 = Release|Any CPU
	EndGlobalSection
EndGlobal
